PODS:
  - Expecta (0.2.4)
  - KIF (3.0.8):
    - KIF/XCTest (= 3.0.8)
  - KIF/XCTest (3.0.8)
  - Specta (1.0.4)
  - Swizzlean (0.1.2)

DEPENDENCIES:
  - Expecta
  - KIF
  - Specta
  - Swizzlean

SPEC CHECKSUMS:
  Expecta: cfaf1d3e2e194ca704a25e997093d30a1ce70b61
  KIF: 3c2cb8e66fb216f9c3abcd714699411f0256f767
  Specta: 69bb134672aae190a1379ff91df07dad8dd1f869
  Swizzlean: 164ef9d428a35ef61a404747ab40010f303dffa2

COCOAPODS: 0.38.2
